
Microsoft Visual Studio Solution File, Format Version 12.00
# Visual Studio Version 17
VisualStudioVersion = 17.6.33712.159
MinimumVisualStudioVersion = 10.0.40219.1
Project("{9A19103F-16F7-4668-BE54-9A1E7A4F7556}") = "01-ASP.NET MVC", "01-ASP.NET MVC\01-ASP.NET MVC.csproj", "{11013DB2-4F9E-4D89-A2B9-EE5D62CF0668}"
EndProject
Project("{2150E333-8FDC-42A3-9474-1A3956D46DE8}") = "ASP.NET WebApi", "ASP.NET WebApi", "{823E56DE-7CD6-422D-B075-0FBE8D229919}"
EndProject
Project("{2150E333-8FDC-42A3-9474-1A3956D46DE8}") = ".NET", ".NET", "{BC6060E4-ACC1-4EDE-9C2A-B7D247927192}"
EndProject
Project("{9A19103F-16F7-4668-BE54-9A1E7A4F7556}") = "02-WebAPI入门", "02-WebAPI入门\02-WebAPI入门.csproj", "{7080F835-A8B1-40D3-A36B-2308AD8BE01A}"
EndProject
Project("{9A19103F-16F7-4668-BE54-9A1E7A4F7556}") = "03-前后端分离开发", "03-前后端分离开发\03-前后端分离开发.csproj", "{6824027D-0DCD-41F2-B8F8-B7B44CB4849B}"
EndProject
Project("{9A19103F-16F7-4668-BE54-9A1E7A4F7556}") = "04-ASP.NET中使用依赖注入", "04-ASP.NET中使用依赖注入\04-ASP.NET中使用依赖注入.csproj", "{3517F3CD-2F47-49FF-A33D-8AFCAA86AC6D}"
EndProject
Project("{9A19103F-16F7-4668-BE54-9A1E7A4F7556}") = "05-缓存", "05-缓存\05-缓存.csproj", "{44CEFCB3-A3AB-430A-B0E6-47C682D75B59}"
EndProject
Project("{9A19103F-16F7-4668-BE54-9A1E7A4F7556}") = "06-ASP.NET的配置系统", "06-ASP.NET的配置系统\06-ASP.NET的配置系统.csproj", "{B10204C6-2AFB-4E7A-921F-7D4E02E9B02A}"
EndProject
Project("{9A19103F-16F7-4668-BE54-9A1E7A4F7556}") = "07-分层项目中EFCore用法", "07-分层项目中EFCore用法\07-分层项目中EFCore用法.csproj", "{2AF7E6DA-11F9-4780-8786-802547EA9F74}"
EndProject
Project("{9A19103F-16F7-4668-BE54-9A1E7A4F7556}") = "08-ASP.NET筛选器", "08-ASP.NET筛选器\08-ASP.NET筛选器.csproj", "{B18AE61B-88D2-4176-B24A-2F1B46E8CC6D}"
EndProject
Project("{9A19103F-16F7-4668-BE54-9A1E7A4F7556}") = "09-ASP.NET中间件", "09-ASP.NET中间件\09-ASP.NET中间件.csproj", "{F89827A0-7781-40F0-8157-87D1FA82A088}"
EndProject
Project("{9A19103F-16F7-4668-BE54-9A1E7A4F7556}") = "10-ASP.NET中的日志", "10-ASP.NET中的日志\10-ASP.NET中的日志.csproj", "{3BCB3470-8C56-48A0-85E8-31F8FD6DC082}"
EndProject
Project("{9A19103F-16F7-4668-BE54-9A1E7A4F7556}") = "11-标识框架", "11-标识框架\11-标识框架.csproj", "{1A4DB8E2-0132-4EDB-BFBE-625BAF4BD00D}"
EndProject
Project("{9A19103F-16F7-4668-BE54-9A1E7A4F7556}") = "12-JWT", "12-JWT\12-JWT.csproj", "{50C6BA93-E806-45E3-875F-95C203EECE7D}"
EndProject
Project("{9A19103F-16F7-4668-BE54-9A1E7A4F7556}") = "13-托管服务", "13-托管服务\13-托管服务.csproj", "{2DB7079C-DCC7-4649-8C46-B43CE5A128FD}"
EndProject
Project("{9A19103F-16F7-4668-BE54-9A1E7A4F7556}") = "14-SignalR", "14-SignalR\14-SignalR.csproj", "{61DD5C94-F6F6-4A1F-8D27-58030FBC7485}"
EndProject
Project("{9A19103F-16F7-4668-BE54-9A1E7A4F7556}") = "15-DDD", "15-DDD\15-DDD.csproj", "{85224F60-24ED-42A1-87AF-F966F573DE12}"
EndProject
Project("{9A19103F-16F7-4668-BE54-9A1E7A4F7556}") = "16-MediatR", "16-MediatR\16-MediatR.csproj", "{526862BF-3DBB-47F1-8D36-AE688DD5D3EA}"
EndProject
Project("{9A19103F-16F7-4668-BE54-9A1E7A4F7556}") = "17-RabbitMQ", "17-RabbitMQ\17-RabbitMQ.csproj", "{BA044E82-E144-4F37-8003-978499A3D9C9}"
EndProject
Project("{9A19103F-16F7-4668-BE54-9A1E7A4F7556}") = "EFCoreBooks", "EFCoreBooks\EFCoreBooks.csproj", "{C5FD3A4B-7100-4480-91DB-E41F29613E6F}"
EndProject
Project("{9A19103F-16F7-4668-BE54-9A1E7A4F7556}") = "JWTLogin", "JWTLogin\JWTLogin.csproj", "{32355475-F338-499F-B309-C00A29E1624C}"
EndProject
Project("{9A19103F-16F7-4668-BE54-9A1E7A4F7556}") = "NACOS", "NACOS\NACOS.csproj", "{933F6B17-8E59-4965-8EA8-57BB7164D951}"
EndProject
Project("{9A19103F-16F7-4668-BE54-9A1E7A4F7556}") = "RabbitMQTest", "RabbitMQTest\RabbitMQTest.csproj", "{E6FC010D-68ED-49C2-A314-56738CF3664C}"
EndProject
Project("{9A19103F-16F7-4668-BE54-9A1E7A4F7556}") = "01-泛型", "01-泛型\01-泛型.csproj", "{64AD9F27-6017-4187-8FAD-75127770CD06}"
EndProject
Project("{9A19103F-16F7-4668-BE54-9A1E7A4F7556}") = "02-反射", "02-反射\02-反射.csproj", "{663C7917-B1C4-4AC9-80B1-737285C83542}"
EndProject
Project("{9A19103F-16F7-4668-BE54-9A1E7A4F7556}") = "03-特性", "03-特性\03-特性.csproj", "{6FF1FD44-904C-4488-AB0E-B81E7784B958}"
EndProject
Project("{9A19103F-16F7-4668-BE54-9A1E7A4F7556}") = "04-面向对象", "04-面向对象\04-面向对象.csproj", "{7EC0DA84-5C61-4FE1-A3A8-8558B419D5A3}"
EndProject
Project("{9A19103F-16F7-4668-BE54-9A1E7A4F7556}") = "05-委托和事件", "05-委托和事件\05-委托和事件.csproj", "{EBAF6742-E0EF-4025-86A5-0A667FD40383}"
EndProject
Project("{9A19103F-16F7-4668-BE54-9A1E7A4F7556}") = "06-IO和序列化", "06-IO和序列化\06-IO和序列化.csproj", "{D28FC501-BB10-43B3-9F55-F9C1F260A2F5}"
EndProject
Project("{9A19103F-16F7-4668-BE54-9A1E7A4F7556}") = "07-Lambda和LINQ", "07-Lambda和LINQ\07-Lambda和LINQ.csproj", "{AD419E7F-B20C-45BF-BF7D-BC842F9FB5BF}"
EndProject
Project("{9A19103F-16F7-4668-BE54-9A1E7A4F7556}") = "08-表达式目录树", "08-表达式目录树\08-表达式目录树.csproj", "{0035566D-8980-4EBE-BABA-B46FFF8D3D52}"
EndProject
Project("{9A19103F-16F7-4668-BE54-9A1E7A4F7556}") = "09-表达式目录树2", "09-表达式目录树2\09-表达式目录树2.csproj", "{034B1F2C-2C18-499D-81D2-81D0B50C53D6}"
EndProject
Project("{9A19103F-16F7-4668-BE54-9A1E7A4F7556}") = "10-异步和多线程", "10-异步和多线程\10-异步和多线程.csproj", "{A1050093-A062-4735-B459-60F16744C933}"
EndProject
Project("{9A19103F-16F7-4668-BE54-9A1E7A4F7556}") = "11- 异步和多线程的发展", "11- 异步和多线程的发展\11- 异步和多线程的发展.csproj", "{0A22AAD8-0679-4791-964F-2429ADD7E975}"
EndProject
Project("{9A19103F-16F7-4668-BE54-9A1E7A4F7556}") = "12-多线程的异常与安全以及锁", "12-多线程的异常与安全以及锁\12-多线程的异常与安全以及锁.csproj", "{8A8DD521-6F39-429F-BA49-A18FA5D5FFEA}"
EndProject
Project("{9A19103F-16F7-4668-BE54-9A1E7A4F7556}") = "13-async与await", "13-async与await\13-async与await.csproj", "{BEF5DA25-C6FE-408A-BA9D-DC24C6A83CEE}"
EndProject
Project("{9A19103F-16F7-4668-BE54-9A1E7A4F7556}") = "14-爬虫", "14-爬虫\14-爬虫.csproj", "{2FC3FB5F-9CC9-41B5-A80E-DDA6B37E81B0}"
EndProject
Project("{9A19103F-16F7-4668-BE54-9A1E7A4F7556}") = "15-DotnetSpider", "15-DotnetSpider\15-DotnetSpider.csproj", "{9C042F85-7623-4B5C-9178-7A20D951ACEF}"
EndProject
Project("{9A19103F-16F7-4668-BE54-9A1E7A4F7556}") = "16-Logging", "16-Logging\16-Logging.csproj", "{475CD8CF-2057-45A9-B5F0-A0D479742110}"
EndProject
Project("{9A19103F-16F7-4668-BE54-9A1E7A4F7556}") = "17-数据库设计优化", "17-数据库设计优化\17-数据库设计优化.csproj", "{8558602F-D6D8-413F-8EA6-E95CE275EB7A}"
EndProject
Project("{9A19103F-16F7-4668-BE54-9A1E7A4F7556}") = "18-EFCore", "18-EFCore\18-EFCore.csproj", "{8BB17BBC-63D0-4F07-8332-BFD64D5ACDCC}"
EndProject
Project("{9A19103F-16F7-4668-BE54-9A1E7A4F7556}") = "19-依赖注入", "19-依赖注入\19-依赖注入.csproj", "{1401BDAF-9D80-4DBD-B38C-E6A3C8BCB51E}"
EndProject
Project("{9A19103F-16F7-4668-BE54-9A1E7A4F7556}") = "20-配置系统", "20-配置系统\20-配置系统.csproj", "{A367EACA-4165-4F20-9B78-753540DEE811}"
EndProject
Project("{9A19103F-16F7-4668-BE54-9A1E7A4F7556}") = "21-C#最近的新语法", "21-C#最近的新语法\21-C#最近的新语法.csproj", "{9AAC569B-68F0-4529-9476-4439A2885635}"
EndProject
Global
	GlobalSection(SolutionConfigurationPlatforms) = preSolution
		Debug|Any CPU = Debug|Any CPU
		Release|Any CPU = Release|Any CPU
	EndGlobalSection
	GlobalSection(ProjectConfigurationPlatforms) = postSolution
		{11013DB2-4F9E-4D89-A2B9-EE5D62CF0668}.Debug|Any CPU.ActiveCfg = Debug|Any CPU
		{11013DB2-4F9E-4D89-A2B9-EE5D62CF0668}.Debug|Any CPU.Build.0 = Debug|Any CPU
		{11013DB2-4F9E-4D89-A2B9-EE5D62CF0668}.Release|Any CPU.ActiveCfg = Release|Any CPU
		{11013DB2-4F9E-4D89-A2B9-EE5D62CF0668}.Release|Any CPU.Build.0 = Release|Any CPU
		{7080F835-A8B1-40D3-A36B-2308AD8BE01A}.Debug|Any CPU.ActiveCfg = Debug|Any CPU
		{7080F835-A8B1-40D3-A36B-2308AD8BE01A}.Debug|Any CPU.Build.0 = Debug|Any CPU
		{7080F835-A8B1-40D3-A36B-2308AD8BE01A}.Release|Any CPU.ActiveCfg = Release|Any CPU
		{7080F835-A8B1-40D3-A36B-2308AD8BE01A}.Release|Any CPU.Build.0 = Release|Any CPU
		{6824027D-0DCD-41F2-B8F8-B7B44CB4849B}.Debug|Any CPU.ActiveCfg = Debug|Any CPU
		{6824027D-0DCD-41F2-B8F8-B7B44CB4849B}.Debug|Any CPU.Build.0 = Debug|Any CPU
		{6824027D-0DCD-41F2-B8F8-B7B44CB4849B}.Release|Any CPU.ActiveCfg = Release|Any CPU
		{6824027D-0DCD-41F2-B8F8-B7B44CB4849B}.Release|Any CPU.Build.0 = Release|Any CPU
		{3517F3CD-2F47-49FF-A33D-8AFCAA86AC6D}.Debug|Any CPU.ActiveCfg = Debug|Any CPU
		{3517F3CD-2F47-49FF-A33D-8AFCAA86AC6D}.Debug|Any CPU.Build.0 = Debug|Any CPU
		{3517F3CD-2F47-49FF-A33D-8AFCAA86AC6D}.Release|Any CPU.ActiveCfg = Release|Any CPU
		{3517F3CD-2F47-49FF-A33D-8AFCAA86AC6D}.Release|Any CPU.Build.0 = Release|Any CPU
		{44CEFCB3-A3AB-430A-B0E6-47C682D75B59}.Debug|Any CPU.ActiveCfg = Debug|Any CPU
		{44CEFCB3-A3AB-430A-B0E6-47C682D75B59}.Debug|Any CPU.Build.0 = Debug|Any CPU
		{44CEFCB3-A3AB-430A-B0E6-47C682D75B59}.Release|Any CPU.ActiveCfg = Release|Any CPU
		{44CEFCB3-A3AB-430A-B0E6-47C682D75B59}.Release|Any CPU.Build.0 = Release|Any CPU
		{B10204C6-2AFB-4E7A-921F-7D4E02E9B02A}.Debug|Any CPU.ActiveCfg = Debug|Any CPU
		{B10204C6-2AFB-4E7A-921F-7D4E02E9B02A}.Debug|Any CPU.Build.0 = Debug|Any CPU
		{B10204C6-2AFB-4E7A-921F-7D4E02E9B02A}.Release|Any CPU.ActiveCfg = Release|Any CPU
		{B10204C6-2AFB-4E7A-921F-7D4E02E9B02A}.Release|Any CPU.Build.0 = Release|Any CPU
		{2AF7E6DA-11F9-4780-8786-802547EA9F74}.Debug|Any CPU.ActiveCfg = Debug|Any CPU
		{2AF7E6DA-11F9-4780-8786-802547EA9F74}.Debug|Any CPU.Build.0 = Debug|Any CPU
		{2AF7E6DA-11F9-4780-8786-802547EA9F74}.Release|Any CPU.ActiveCfg = Release|Any CPU
		{2AF7E6DA-11F9-4780-8786-802547EA9F74}.Release|Any CPU.Build.0 = Release|Any CPU
		{B18AE61B-88D2-4176-B24A-2F1B46E8CC6D}.Debug|Any CPU.ActiveCfg = Debug|Any CPU
		{B18AE61B-88D2-4176-B24A-2F1B46E8CC6D}.Debug|Any CPU.Build.0 = Debug|Any CPU
		{B18AE61B-88D2-4176-B24A-2F1B46E8CC6D}.Release|Any CPU.ActiveCfg = Release|Any CPU
		{B18AE61B-88D2-4176-B24A-2F1B46E8CC6D}.Release|Any CPU.Build.0 = Release|Any CPU
		{F89827A0-7781-40F0-8157-87D1FA82A088}.Debug|Any CPU.ActiveCfg = Debug|Any CPU
		{F89827A0-7781-40F0-8157-87D1FA82A088}.Debug|Any CPU.Build.0 = Debug|Any CPU
		{F89827A0-7781-40F0-8157-87D1FA82A088}.Release|Any CPU.ActiveCfg = Release|Any CPU
		{F89827A0-7781-40F0-8157-87D1FA82A088}.Release|Any CPU.Build.0 = Release|Any CPU
		{3BCB3470-8C56-48A0-85E8-31F8FD6DC082}.Debug|Any CPU.ActiveCfg = Debug|Any CPU
		{3BCB3470-8C56-48A0-85E8-31F8FD6DC082}.Debug|Any CPU.Build.0 = Debug|Any CPU
		{3BCB3470-8C56-48A0-85E8-31F8FD6DC082}.Release|Any CPU.ActiveCfg = Release|Any CPU
		{3BCB3470-8C56-48A0-85E8-31F8FD6DC082}.Release|Any CPU.Build.0 = Release|Any CPU
		{1A4DB8E2-0132-4EDB-BFBE-625BAF4BD00D}.Debug|Any CPU.ActiveCfg = Debug|Any CPU
		{1A4DB8E2-0132-4EDB-BFBE-625BAF4BD00D}.Debug|Any CPU.Build.0 = Debug|Any CPU
		{1A4DB8E2-0132-4EDB-BFBE-625BAF4BD00D}.Release|Any CPU.ActiveCfg = Release|Any CPU
		{1A4DB8E2-0132-4EDB-BFBE-625BAF4BD00D}.Release|Any CPU.Build.0 = Release|Any CPU
		{50C6BA93-E806-45E3-875F-95C203EECE7D}.Debug|Any CPU.ActiveCfg = Debug|Any CPU
		{50C6BA93-E806-45E3-875F-95C203EECE7D}.Debug|Any CPU.Build.0 = Debug|Any CPU
		{50C6BA93-E806-45E3-875F-95C203EECE7D}.Release|Any CPU.ActiveCfg = Release|Any CPU
		{50C6BA93-E806-45E3-875F-95C203EECE7D}.Release|Any CPU.Build.0 = Release|Any CPU
		{2DB7079C-DCC7-4649-8C46-B43CE5A128FD}.Debug|Any CPU.ActiveCfg = Debug|Any CPU
		{2DB7079C-DCC7-4649-8C46-B43CE5A128FD}.Debug|Any CPU.Build.0 = Debug|Any CPU
		{2DB7079C-DCC7-4649-8C46-B43CE5A128FD}.Release|Any CPU.ActiveCfg = Release|Any CPU
		{2DB7079C-DCC7-4649-8C46-B43CE5A128FD}.Release|Any CPU.Build.0 = Release|Any CPU
		{61DD5C94-F6F6-4A1F-8D27-58030FBC7485}.Debug|Any CPU.ActiveCfg = Debug|Any CPU
		{61DD5C94-F6F6-4A1F-8D27-58030FBC7485}.Debug|Any CPU.Build.0 = Debug|Any CPU
		{61DD5C94-F6F6-4A1F-8D27-58030FBC7485}.Release|Any CPU.ActiveCfg = Release|Any CPU
		{61DD5C94-F6F6-4A1F-8D27-58030FBC7485}.Release|Any CPU.Build.0 = Release|Any CPU
		{85224F60-24ED-42A1-87AF-F966F573DE12}.Debug|Any CPU.ActiveCfg = Debug|Any CPU
		{85224F60-24ED-42A1-87AF-F966F573DE12}.Debug|Any CPU.Build.0 = Debug|Any CPU
		{85224F60-24ED-42A1-87AF-F966F573DE12}.Release|Any CPU.ActiveCfg = Release|Any CPU
		{85224F60-24ED-42A1-87AF-F966F573DE12}.Release|Any CPU.Build.0 = Release|Any CPU
		{526862BF-3DBB-47F1-8D36-AE688DD5D3EA}.Debug|Any CPU.ActiveCfg = Debug|Any CPU
		{526862BF-3DBB-47F1-8D36-AE688DD5D3EA}.Debug|Any CPU.Build.0 = Debug|Any CPU
		{526862BF-3DBB-47F1-8D36-AE688DD5D3EA}.Release|Any CPU.ActiveCfg = Release|Any CPU
		{526862BF-3DBB-47F1-8D36-AE688DD5D3EA}.Release|Any CPU.Build.0 = Release|Any CPU
		{BA044E82-E144-4F37-8003-978499A3D9C9}.Debug|Any CPU.ActiveCfg = Debug|Any CPU
		{BA044E82-E144-4F37-8003-978499A3D9C9}.Debug|Any CPU.Build.0 = Debug|Any CPU
		{BA044E82-E144-4F37-8003-978499A3D9C9}.Release|Any CPU.ActiveCfg = Release|Any CPU
		{BA044E82-E144-4F37-8003-978499A3D9C9}.Release|Any CPU.Build.0 = Release|Any CPU
		{C5FD3A4B-7100-4480-91DB-E41F29613E6F}.Debug|Any CPU.ActiveCfg = Debug|Any CPU
		{C5FD3A4B-7100-4480-91DB-E41F29613E6F}.Debug|Any CPU.Build.0 = Debug|Any CPU
		{C5FD3A4B-7100-4480-91DB-E41F29613E6F}.Release|Any CPU.ActiveCfg = Release|Any CPU
		{C5FD3A4B-7100-4480-91DB-E41F29613E6F}.Release|Any CPU.Build.0 = Release|Any CPU
		{32355475-F338-499F-B309-C00A29E1624C}.Debug|Any CPU.ActiveCfg = Debug|Any CPU
		{32355475-F338-499F-B309-C00A29E1624C}.Debug|Any CPU.Build.0 = Debug|Any CPU
		{32355475-F338-499F-B309-C00A29E1624C}.Release|Any CPU.ActiveCfg = Release|Any CPU
		{32355475-F338-499F-B309-C00A29E1624C}.Release|Any CPU.Build.0 = Release|Any CPU
		{933F6B17-8E59-4965-8EA8-57BB7164D951}.Debug|Any CPU.ActiveCfg = Debug|Any CPU
		{933F6B17-8E59-4965-8EA8-57BB7164D951}.Debug|Any CPU.Build.0 = Debug|Any CPU
		{933F6B17-8E59-4965-8EA8-57BB7164D951}.Release|Any CPU.ActiveCfg = Release|Any CPU
		{933F6B17-8E59-4965-8EA8-57BB7164D951}.Release|Any CPU.Build.0 = Release|Any CPU
		{E6FC010D-68ED-49C2-A314-56738CF3664C}.Debug|Any CPU.ActiveCfg = Debug|Any CPU
		{E6FC010D-68ED-49C2-A314-56738CF3664C}.Debug|Any CPU.Build.0 = Debug|Any CPU
		{E6FC010D-68ED-49C2-A314-56738CF3664C}.Release|Any CPU.ActiveCfg = Release|Any CPU
		{E6FC010D-68ED-49C2-A314-56738CF3664C}.Release|Any CPU.Build.0 = Release|Any CPU
		{64AD9F27-6017-4187-8FAD-75127770CD06}.Debug|Any CPU.ActiveCfg = Debug|Any CPU
		{64AD9F27-6017-4187-8FAD-75127770CD06}.Debug|Any CPU.Build.0 = Debug|Any CPU
		{64AD9F27-6017-4187-8FAD-75127770CD06}.Release|Any CPU.ActiveCfg = Release|Any CPU
		{64AD9F27-6017-4187-8FAD-75127770CD06}.Release|Any CPU.Build.0 = Release|Any CPU
		{663C7917-B1C4-4AC9-80B1-737285C83542}.Debug|Any CPU.ActiveCfg = Debug|Any CPU
		{663C7917-B1C4-4AC9-80B1-737285C83542}.Debug|Any CPU.Build.0 = Debug|Any CPU
		{663C7917-B1C4-4AC9-80B1-737285C83542}.Release|Any CPU.ActiveCfg = Release|Any CPU
		{663C7917-B1C4-4AC9-80B1-737285C83542}.Release|Any CPU.Build.0 = Release|Any CPU
		{6FF1FD44-904C-4488-AB0E-B81E7784B958}.Debug|Any CPU.ActiveCfg = Debug|Any CPU
		{6FF1FD44-904C-4488-AB0E-B81E7784B958}.Debug|Any CPU.Build.0 = Debug|Any CPU
		{6FF1FD44-904C-4488-AB0E-B81E7784B958}.Release|Any CPU.ActiveCfg = Release|Any CPU
		{6FF1FD44-904C-4488-AB0E-B81E7784B958}.Release|Any CPU.Build.0 = Release|Any CPU
		{7EC0DA84-5C61-4FE1-A3A8-8558B419D5A3}.Debug|Any CPU.ActiveCfg = Debug|Any CPU
		{7EC0DA84-5C61-4FE1-A3A8-8558B419D5A3}.Debug|Any CPU.Build.0 = Debug|Any CPU
		{7EC0DA84-5C61-4FE1-A3A8-8558B419D5A3}.Release|Any CPU.ActiveCfg = Release|Any CPU
		{7EC0DA84-5C61-4FE1-A3A8-8558B419D5A3}.Release|Any CPU.Build.0 = Release|Any CPU
		{EBAF6742-E0EF-4025-86A5-0A667FD40383}.Debug|Any CPU.ActiveCfg = Debug|Any CPU
		{EBAF6742-E0EF-4025-86A5-0A667FD40383}.Debug|Any CPU.Build.0 = Debug|Any CPU
		{EBAF6742-E0EF-4025-86A5-0A667FD40383}.Release|Any CPU.ActiveCfg = Release|Any CPU
		{EBAF6742-E0EF-4025-86A5-0A667FD40383}.Release|Any CPU.Build.0 = Release|Any CPU
		{D28FC501-BB10-43B3-9F55-F9C1F260A2F5}.Debug|Any CPU.ActiveCfg = Debug|Any CPU
		{D28FC501-BB10-43B3-9F55-F9C1F260A2F5}.Debug|Any CPU.Build.0 = Debug|Any CPU
		{D28FC501-BB10-43B3-9F55-F9C1F260A2F5}.Release|Any CPU.ActiveCfg = Release|Any CPU
		{D28FC501-BB10-43B3-9F55-F9C1F260A2F5}.Release|Any CPU.Build.0 = Release|Any CPU
		{AD419E7F-B20C-45BF-BF7D-BC842F9FB5BF}.Debug|Any CPU.ActiveCfg = Debug|Any CPU
		{AD419E7F-B20C-45BF-BF7D-BC842F9FB5BF}.Debug|Any CPU.Build.0 = Debug|Any CPU
		{AD419E7F-B20C-45BF-BF7D-BC842F9FB5BF}.Release|Any CPU.ActiveCfg = Release|Any CPU
		{AD419E7F-B20C-45BF-BF7D-BC842F9FB5BF}.Release|Any CPU.Build.0 = Release|Any CPU
		{0035566D-8980-4EBE-BABA-B46FFF8D3D52}.Debug|Any CPU.ActiveCfg = Debug|Any CPU
		{0035566D-8980-4EBE-BABA-B46FFF8D3D52}.Debug|Any CPU.Build.0 = Debug|Any CPU
		{0035566D-8980-4EBE-BABA-B46FFF8D3D52}.Release|Any CPU.ActiveCfg = Release|Any CPU
		{0035566D-8980-4EBE-BABA-B46FFF8D3D52}.Release|Any CPU.Build.0 = Release|Any CPU
		{034B1F2C-2C18-499D-81D2-81D0B50C53D6}.Debug|Any CPU.ActiveCfg = Debug|Any CPU
		{034B1F2C-2C18-499D-81D2-81D0B50C53D6}.Debug|Any CPU.Build.0 = Debug|Any CPU
		{034B1F2C-2C18-499D-81D2-81D0B50C53D6}.Release|Any CPU.ActiveCfg = Release|Any CPU
		{034B1F2C-2C18-499D-81D2-81D0B50C53D6}.Release|Any CPU.Build.0 = Release|Any CPU
		{A1050093-A062-4735-B459-60F16744C933}.Debug|Any CPU.ActiveCfg = Debug|Any CPU
		{A1050093-A062-4735-B459-60F16744C933}.Debug|Any CPU.Build.0 = Debug|Any CPU
		{A1050093-A062-4735-B459-60F16744C933}.Release|Any CPU.ActiveCfg = Release|Any CPU
		{A1050093-A062-4735-B459-60F16744C933}.Release|Any CPU.Build.0 = Release|Any CPU
		{0A22AAD8-0679-4791-964F-2429ADD7E975}.Debug|Any CPU.ActiveCfg = Debug|Any CPU
		{0A22AAD8-0679-4791-964F-2429ADD7E975}.Debug|Any CPU.Build.0 = Debug|Any CPU
		{0A22AAD8-0679-4791-964F-2429ADD7E975}.Release|Any CPU.ActiveCfg = Release|Any CPU
		{0A22AAD8-0679-4791-964F-2429ADD7E975}.Release|Any CPU.Build.0 = Release|Any CPU
		{8A8DD521-6F39-429F-BA49-A18FA5D5FFEA}.Debug|Any CPU.ActiveCfg = Debug|Any CPU
		{8A8DD521-6F39-429F-BA49-A18FA5D5FFEA}.Debug|Any CPU.Build.0 = Debug|Any CPU
		{8A8DD521-6F39-429F-BA49-A18FA5D5FFEA}.Release|Any CPU.ActiveCfg = Release|Any CPU
		{8A8DD521-6F39-429F-BA49-A18FA5D5FFEA}.Release|Any CPU.Build.0 = Release|Any CPU
		{BEF5DA25-C6FE-408A-BA9D-DC24C6A83CEE}.Debug|Any CPU.ActiveCfg = Debug|Any CPU
		{BEF5DA25-C6FE-408A-BA9D-DC24C6A83CEE}.Debug|Any CPU.Build.0 = Debug|Any CPU
		{BEF5DA25-C6FE-408A-BA9D-DC24C6A83CEE}.Release|Any CPU.ActiveCfg = Release|Any CPU
		{BEF5DA25-C6FE-408A-BA9D-DC24C6A83CEE}.Release|Any CPU.Build.0 = Release|Any CPU
		{2FC3FB5F-9CC9-41B5-A80E-DDA6B37E81B0}.Debug|Any CPU.ActiveCfg = Debug|Any CPU
		{2FC3FB5F-9CC9-41B5-A80E-DDA6B37E81B0}.Debug|Any CPU.Build.0 = Debug|Any CPU
		{2FC3FB5F-9CC9-41B5-A80E-DDA6B37E81B0}.Release|Any CPU.ActiveCfg = Release|Any CPU
		{2FC3FB5F-9CC9-41B5-A80E-DDA6B37E81B0}.Release|Any CPU.Build.0 = Release|Any CPU
		{9C042F85-7623-4B5C-9178-7A20D951ACEF}.Debug|Any CPU.ActiveCfg = Debug|Any CPU
		{9C042F85-7623-4B5C-9178-7A20D951ACEF}.Debug|Any CPU.Build.0 = Debug|Any CPU
		{9C042F85-7623-4B5C-9178-7A20D951ACEF}.Release|Any CPU.ActiveCfg = Release|Any CPU
		{9C042F85-7623-4B5C-9178-7A20D951ACEF}.Release|Any CPU.Build.0 = Release|Any CPU
		{475CD8CF-2057-45A9-B5F0-A0D479742110}.Debug|Any CPU.ActiveCfg = Debug|Any CPU
		{475CD8CF-2057-45A9-B5F0-A0D479742110}.Debug|Any CPU.Build.0 = Debug|Any CPU
		{475CD8CF-2057-45A9-B5F0-A0D479742110}.Release|Any CPU.ActiveCfg = Release|Any CPU
		{475CD8CF-2057-45A9-B5F0-A0D479742110}.Release|Any CPU.Build.0 = Release|Any CPU
		{8558602F-D6D8-413F-8EA6-E95CE275EB7A}.Debug|Any CPU.ActiveCfg = Debug|Any CPU
		{8558602F-D6D8-413F-8EA6-E95CE275EB7A}.Debug|Any CPU.Build.0 = Debug|Any CPU
		{8558602F-D6D8-413F-8EA6-E95CE275EB7A}.Release|Any CPU.ActiveCfg = Release|Any CPU
		{8558602F-D6D8-413F-8EA6-E95CE275EB7A}.Release|Any CPU.Build.0 = Release|Any CPU
		{8BB17BBC-63D0-4F07-8332-BFD64D5ACDCC}.Debug|Any CPU.ActiveCfg = Debug|Any CPU
		{8BB17BBC-63D0-4F07-8332-BFD64D5ACDCC}.Debug|Any CPU.Build.0 = Debug|Any CPU
		{8BB17BBC-63D0-4F07-8332-BFD64D5ACDCC}.Release|Any CPU.ActiveCfg = Release|Any CPU
		{8BB17BBC-63D0-4F07-8332-BFD64D5ACDCC}.Release|Any CPU.Build.0 = Release|Any CPU
		{1401BDAF-9D80-4DBD-B38C-E6A3C8BCB51E}.Debug|Any CPU.ActiveCfg = Debug|Any CPU
		{1401BDAF-9D80-4DBD-B38C-E6A3C8BCB51E}.Debug|Any CPU.Build.0 = Debug|Any CPU
		{1401BDAF-9D80-4DBD-B38C-E6A3C8BCB51E}.Release|Any CPU.ActiveCfg = Release|Any CPU
		{1401BDAF-9D80-4DBD-B38C-E6A3C8BCB51E}.Release|Any CPU.Build.0 = Release|Any CPU
		{A367EACA-4165-4F20-9B78-753540DEE811}.Debug|Any CPU.ActiveCfg = Debug|Any CPU
		{A367EACA-4165-4F20-9B78-753540DEE811}.Debug|Any CPU.Build.0 = Debug|Any CPU
		{A367EACA-4165-4F20-9B78-753540DEE811}.Release|Any CPU.ActiveCfg = Release|Any CPU
		{A367EACA-4165-4F20-9B78-753540DEE811}.Release|Any CPU.Build.0 = Release|Any CPU
		{9AAC569B-68F0-4529-9476-4439A2885635}.Debug|Any CPU.ActiveCfg = Debug|Any CPU
		{9AAC569B-68F0-4529-9476-4439A2885635}.Debug|Any CPU.Build.0 = Debug|Any CPU
		{9AAC569B-68F0-4529-9476-4439A2885635}.Release|Any CPU.ActiveCfg = Release|Any CPU
		{9AAC569B-68F0-4529-9476-4439A2885635}.Release|Any CPU.Build.0 = Release|Any CPU
	EndGlobalSection
	GlobalSection(SolutionProperties) = preSolution
		HideSolutionNode = FALSE
	EndGlobalSection
	GlobalSection(NestedProjects) = preSolution
		{11013DB2-4F9E-4D89-A2B9-EE5D62CF0668} = {823E56DE-7CD6-422D-B075-0FBE8D229919}
		{7080F835-A8B1-40D3-A36B-2308AD8BE01A} = {823E56DE-7CD6-422D-B075-0FBE8D229919}
		{6824027D-0DCD-41F2-B8F8-B7B44CB4849B} = {823E56DE-7CD6-422D-B075-0FBE8D229919}
		{3517F3CD-2F47-49FF-A33D-8AFCAA86AC6D} = {823E56DE-7CD6-422D-B075-0FBE8D229919}
		{44CEFCB3-A3AB-430A-B0E6-47C682D75B59} = {823E56DE-7CD6-422D-B075-0FBE8D229919}
		{B10204C6-2AFB-4E7A-921F-7D4E02E9B02A} = {823E56DE-7CD6-422D-B075-0FBE8D229919}
		{2AF7E6DA-11F9-4780-8786-802547EA9F74} = {823E56DE-7CD6-422D-B075-0FBE8D229919}
		{B18AE61B-88D2-4176-B24A-2F1B46E8CC6D} = {823E56DE-7CD6-422D-B075-0FBE8D229919}
		{F89827A0-7781-40F0-8157-87D1FA82A088} = {823E56DE-7CD6-422D-B075-0FBE8D229919}
		{3BCB3470-8C56-48A0-85E8-31F8FD6DC082} = {823E56DE-7CD6-422D-B075-0FBE8D229919}
		{1A4DB8E2-0132-4EDB-BFBE-625BAF4BD00D} = {823E56DE-7CD6-422D-B075-0FBE8D229919}
		{50C6BA93-E806-45E3-875F-95C203EECE7D} = {823E56DE-7CD6-422D-B075-0FBE8D229919}
		{2DB7079C-DCC7-4649-8C46-B43CE5A128FD} = {823E56DE-7CD6-422D-B075-0FBE8D229919}
		{61DD5C94-F6F6-4A1F-8D27-58030FBC7485} = {823E56DE-7CD6-422D-B075-0FBE8D229919}
		{85224F60-24ED-42A1-87AF-F966F573DE12} = {823E56DE-7CD6-422D-B075-0FBE8D229919}
		{526862BF-3DBB-47F1-8D36-AE688DD5D3EA} = {823E56DE-7CD6-422D-B075-0FBE8D229919}
		{BA044E82-E144-4F37-8003-978499A3D9C9} = {823E56DE-7CD6-422D-B075-0FBE8D229919}
		{C5FD3A4B-7100-4480-91DB-E41F29613E6F} = {823E56DE-7CD6-422D-B075-0FBE8D229919}
		{32355475-F338-499F-B309-C00A29E1624C} = {823E56DE-7CD6-422D-B075-0FBE8D229919}
		{933F6B17-8E59-4965-8EA8-57BB7164D951} = {823E56DE-7CD6-422D-B075-0FBE8D229919}
		{E6FC010D-68ED-49C2-A314-56738CF3664C} = {823E56DE-7CD6-422D-B075-0FBE8D229919}
		{64AD9F27-6017-4187-8FAD-75127770CD06} = {BC6060E4-ACC1-4EDE-9C2A-B7D247927192}
		{663C7917-B1C4-4AC9-80B1-737285C83542} = {BC6060E4-ACC1-4EDE-9C2A-B7D247927192}
		{6FF1FD44-904C-4488-AB0E-B81E7784B958} = {BC6060E4-ACC1-4EDE-9C2A-B7D247927192}
		{7EC0DA84-5C61-4FE1-A3A8-8558B419D5A3} = {BC6060E4-ACC1-4EDE-9C2A-B7D247927192}
		{EBAF6742-E0EF-4025-86A5-0A667FD40383} = {BC6060E4-ACC1-4EDE-9C2A-B7D247927192}
		{D28FC501-BB10-43B3-9F55-F9C1F260A2F5} = {BC6060E4-ACC1-4EDE-9C2A-B7D247927192}
		{AD419E7F-B20C-45BF-BF7D-BC842F9FB5BF} = {BC6060E4-ACC1-4EDE-9C2A-B7D247927192}
		{0035566D-8980-4EBE-BABA-B46FFF8D3D52} = {BC6060E4-ACC1-4EDE-9C2A-B7D247927192}
		{034B1F2C-2C18-499D-81D2-81D0B50C53D6} = {BC6060E4-ACC1-4EDE-9C2A-B7D247927192}
		{A1050093-A062-4735-B459-60F16744C933} = {BC6060E4-ACC1-4EDE-9C2A-B7D247927192}
		{0A22AAD8-0679-4791-964F-2429ADD7E975} = {BC6060E4-ACC1-4EDE-9C2A-B7D247927192}
		{8A8DD521-6F39-429F-BA49-A18FA5D5FFEA} = {BC6060E4-ACC1-4EDE-9C2A-B7D247927192}
		{BEF5DA25-C6FE-408A-BA9D-DC24C6A83CEE} = {BC6060E4-ACC1-4EDE-9C2A-B7D247927192}
		{2FC3FB5F-9CC9-41B5-A80E-DDA6B37E81B0} = {BC6060E4-ACC1-4EDE-9C2A-B7D247927192}
		{9C042F85-7623-4B5C-9178-7A20D951ACEF} = {BC6060E4-ACC1-4EDE-9C2A-B7D247927192}
		{475CD8CF-2057-45A9-B5F0-A0D479742110} = {BC6060E4-ACC1-4EDE-9C2A-B7D247927192}
		{8558602F-D6D8-413F-8EA6-E95CE275EB7A} = {BC6060E4-ACC1-4EDE-9C2A-B7D247927192}
		{8BB17BBC-63D0-4F07-8332-BFD64D5ACDCC} = {BC6060E4-ACC1-4EDE-9C2A-B7D247927192}
		{1401BDAF-9D80-4DBD-B38C-E6A3C8BCB51E} = {BC6060E4-ACC1-4EDE-9C2A-B7D247927192}
		{A367EACA-4165-4F20-9B78-753540DEE811} = {BC6060E4-ACC1-4EDE-9C2A-B7D247927192}
		{9AAC569B-68F0-4529-9476-4439A2885635} = {BC6060E4-ACC1-4EDE-9C2A-B7D247927192}
	EndGlobalSection
	GlobalSection(ExtensibilityGlobals) = postSolution
		SolutionGuid = {1F2B484C-B267-42EE-81A9-5883DB9040DE}
	EndGlobalSection
EndGlobal
