
Microsoft Visual Studio Solution File, Format Version 12.00
# Visual Studio Version 17
VisualStudioVersion = 17.6.33712.159
MinimumVisualStudioVersion = 10.0.40219.1
Project("{2150E333-8FDC-42A3-9474-1A3956D46DE8}") = "解决方案项", "解决方案项", "{7084936A-8202-4AC5-A38A-D35E3E2212B1}"
	ProjectSection(SolutionItems) = preProject
		.gitattributes = .gitattributes
		.gitignore = .gitignore
		LICENSE.txt = LICENSE.txt
		README.md = README.md
	EndProjectSection
EndProject
Project("{2150E333-8FDC-42A3-9474-1A3956D46DE8}") = ".NET", ".NET", "{93060A2E-7F93-4205-9229-937C537D6BA7}"
EndProject
Project("{2150E333-8FDC-42A3-9474-1A3956D46DE8}") = "ASP.NET", "ASP.NET", "{613355D0-3AC0-4FA1-90A1-B1AAC4288227}"
EndProject
Project("{9A19103F-16F7-4668-BE54-9A1E7A4F7556}") = "01-泛型", "01-泛型\01-泛型.csproj", "{008CF3DE-352E-46BC-B2DD-F5F1232CB7D8}"
EndProject
Project("{9A19103F-16F7-4668-BE54-9A1E7A4F7556}") = "02-反射", "02-反射\02-反射.csproj", "{56E239CC-A90D-4989-A5FF-7A9597435451}"
EndProject
Project("{9A19103F-16F7-4668-BE54-9A1E7A4F7556}") = "03-特性", "03-特性\03-特性.csproj", "{274F3428-BC62-405B-A8E8-FB5820F82599}"
EndProject
Project("{9A19103F-16F7-4668-BE54-9A1E7A4F7556}") = "04-面向对象", "04-面向对象\04-面向对象.csproj", "{2B972E78-97EA-4550-8C3A-CCA2A352ED84}"
EndProject
Project("{9A19103F-16F7-4668-BE54-9A1E7A4F7556}") = "05-委托和事件", "05-委托和事件\05-委托和事件.csproj", "{B7BE7EFD-4CC4-426B-AEA8-2909DEFC3699}"
EndProject
Project("{9A19103F-16F7-4668-BE54-9A1E7A4F7556}") = "06-IO和序列化", "06-IO和序列化\06-IO和序列化.csproj", "{3762BDAC-6391-4724-BD49-A51C5FB3DCE7}"
EndProject
Project("{9A19103F-16F7-4668-BE54-9A1E7A4F7556}") = "07-Lambda和LINQ", "07-Lambda和LINQ\07-Lambda和LINQ.csproj", "{6A108D38-966D-4090-A4CB-06B35BAC57CE}"
EndProject
Project("{9A19103F-16F7-4668-BE54-9A1E7A4F7556}") = "08-表达式目录树", "08-表达式目录树\08-表达式目录树.csproj", "{4B7F3108-06A9-4F8E-92AB-02347C6663A6}"
EndProject
Project("{9A19103F-16F7-4668-BE54-9A1E7A4F7556}") = "09-表达式目录树2", "09-表达式目录树2\09-表达式目录树2.csproj", "{370BC426-0804-4609-A5DF-A0B4F8C4D282}"
EndProject
Project("{9A19103F-16F7-4668-BE54-9A1E7A4F7556}") = "10-异步和多线程", "10-异步和多线程\10-异步和多线程.csproj", "{BEF0746B-CF81-4296-9108-AC3F81D55360}"
EndProject
Project("{9A19103F-16F7-4668-BE54-9A1E7A4F7556}") = "11- 异步和多线程的发展", "11- 异步和多线程的发展\11- 异步和多线程的发展.csproj", "{876AA4B5-E5E8-432A-9DA6-0B16B6AEE75D}"
EndProject
Project("{9A19103F-16F7-4668-BE54-9A1E7A4F7556}") = "12-多线程的异常与安全以及锁", "12-多线程的异常与安全以及锁\12-多线程的异常与安全以及锁.csproj", "{D341CD92-2188-4371-855F-A1A180EC6C8E}"
EndProject
Project("{9A19103F-16F7-4668-BE54-9A1E7A4F7556}") = "13-async与await", "13-async与await\13-async与await.csproj", "{704C7407-A1D5-4145-8CFA-A9452B57C4C8}"
EndProject
Project("{9A19103F-16F7-4668-BE54-9A1E7A4F7556}") = "14-爬虫", "14-爬虫\14-爬虫.csproj", "{46CEA6C2-1B17-451C-A501-2EDE4E968DE4}"
EndProject
Project("{9A19103F-16F7-4668-BE54-9A1E7A4F7556}") = "15-DotnetSpider", "15-DotnetSpider\15-DotnetSpider.csproj", "{7EBE01A3-E09D-41A2-BB5A-D6BC3280390A}"
EndProject
Project("{9A19103F-16F7-4668-BE54-9A1E7A4F7556}") = "16-Logging", "16-Logging\16-Logging.csproj", "{723D2C5C-8422-43C5-9D1D-3A6C0FE45D69}"
EndProject
Project("{9A19103F-16F7-4668-BE54-9A1E7A4F7556}") = "17-数据库设计优化", "17-数据库设计优化\17-数据库设计优化.csproj", "{C983770F-2E95-4070-962D-F10E0B2538A9}"
EndProject
Project("{9A19103F-16F7-4668-BE54-9A1E7A4F7556}") = "18-EFCore", "18-EFCore\18-EFCore.csproj", "{913569A3-ADA6-4864-83C0-E7F5E6957F28}"
EndProject
Project("{9A19103F-16F7-4668-BE54-9A1E7A4F7556}") = "19-依赖注入", "19-依赖注入\19-依赖注入.csproj", "{FA6C32CF-0BF4-43F2-A4A4-82AED98C0F49}"
EndProject
Project("{9A19103F-16F7-4668-BE54-9A1E7A4F7556}") = "20-配置系统", "20-配置系统\20-配置系统.csproj", "{419A1D2C-6451-4D13-9C6F-77D9396E7AB7}"
EndProject
Project("{9A19103F-16F7-4668-BE54-9A1E7A4F7556}") = "21-C#最近的新语法", "21-C#最近的新语法\21-C#最近的新语法.csproj", "{ED5BA974-DC38-4A86-A3E1-5C8CC5A8FA13}"
EndProject
Project("{9A19103F-16F7-4668-BE54-9A1E7A4F7556}") = "01-ASP.NET MVC", "01-ASP.NET MVC\01-ASP.NET MVC.csproj", "{F85DF161-A449-4583-BADD-756B15601483}"
EndProject
Project("{9A19103F-16F7-4668-BE54-9A1E7A4F7556}") = "02-WebAPI入门", "02-WebAPI入门\02-WebAPI入门.csproj", "{EABEF4F3-A0C0-472B-B0CB-DC315BC744E1}"
EndProject
Project("{9A19103F-16F7-4668-BE54-9A1E7A4F7556}") = "03-前后端分离开发", "03-前后端分离开发\03-前后端分离开发.csproj", "{1D8FC96E-4B14-443B-8C91-4CDF72523878}"
EndProject
Project("{FAE04EC0-301F-11D3-BF4B-00C04F79EFBC}") = "04-ASP.NET中使用依赖注入", "04-ASP.NET中使用依赖注入\04-ASP.NET中使用依赖注入.csproj", "{99F38341-753B-413C-A7B9-15BB732D3B16}"
EndProject
Project("{FAE04EC0-301F-11D3-BF4B-00C04F79EFBC}") = "05-缓存", "05-缓存\05-缓存.csproj", "{96C30AF4-C5B9-41F7-BF40-9A261ABCF7EA}"
EndProject
Global
	GlobalSection(SolutionConfigurationPlatforms) = preSolution
		Debug|Any CPU = Debug|Any CPU
		Release|Any CPU = Release|Any CPU
	EndGlobalSection
	GlobalSection(ProjectConfigurationPlatforms) = postSolution
		{008CF3DE-352E-46BC-B2DD-F5F1232CB7D8}.Debug|Any CPU.ActiveCfg = Debug|Any CPU
		{008CF3DE-352E-46BC-B2DD-F5F1232CB7D8}.Debug|Any CPU.Build.0 = Debug|Any CPU
		{008CF3DE-352E-46BC-B2DD-F5F1232CB7D8}.Release|Any CPU.ActiveCfg = Release|Any CPU
		{008CF3DE-352E-46BC-B2DD-F5F1232CB7D8}.Release|Any CPU.Build.0 = Release|Any CPU
		{56E239CC-A90D-4989-A5FF-7A9597435451}.Debug|Any CPU.ActiveCfg = Debug|Any CPU
		{56E239CC-A90D-4989-A5FF-7A9597435451}.Debug|Any CPU.Build.0 = Debug|Any CPU
		{56E239CC-A90D-4989-A5FF-7A9597435451}.Release|Any CPU.ActiveCfg = Release|Any CPU
		{56E239CC-A90D-4989-A5FF-7A9597435451}.Release|Any CPU.Build.0 = Release|Any CPU
		{274F3428-BC62-405B-A8E8-FB5820F82599}.Debug|Any CPU.ActiveCfg = Debug|Any CPU
		{274F3428-BC62-405B-A8E8-FB5820F82599}.Debug|Any CPU.Build.0 = Debug|Any CPU
		{274F3428-BC62-405B-A8E8-FB5820F82599}.Release|Any CPU.ActiveCfg = Release|Any CPU
		{274F3428-BC62-405B-A8E8-FB5820F82599}.Release|Any CPU.Build.0 = Release|Any CPU
		{2B972E78-97EA-4550-8C3A-CCA2A352ED84}.Debug|Any CPU.ActiveCfg = Debug|Any CPU
		{2B972E78-97EA-4550-8C3A-CCA2A352ED84}.Debug|Any CPU.Build.0 = Debug|Any CPU
		{2B972E78-97EA-4550-8C3A-CCA2A352ED84}.Release|Any CPU.ActiveCfg = Release|Any CPU
		{2B972E78-97EA-4550-8C3A-CCA2A352ED84}.Release|Any CPU.Build.0 = Release|Any CPU
		{B7BE7EFD-4CC4-426B-AEA8-2909DEFC3699}.Debug|Any CPU.ActiveCfg = Debug|Any CPU
		{B7BE7EFD-4CC4-426B-AEA8-2909DEFC3699}.Debug|Any CPU.Build.0 = Debug|Any CPU
		{B7BE7EFD-4CC4-426B-AEA8-2909DEFC3699}.Release|Any CPU.ActiveCfg = Release|Any CPU
		{B7BE7EFD-4CC4-426B-AEA8-2909DEFC3699}.Release|Any CPU.Build.0 = Release|Any CPU
		{3762BDAC-6391-4724-BD49-A51C5FB3DCE7}.Debug|Any CPU.ActiveCfg = Debug|Any CPU
		{3762BDAC-6391-4724-BD49-A51C5FB3DCE7}.Debug|Any CPU.Build.0 = Debug|Any CPU
		{3762BDAC-6391-4724-BD49-A51C5FB3DCE7}.Release|Any CPU.ActiveCfg = Release|Any CPU
		{3762BDAC-6391-4724-BD49-A51C5FB3DCE7}.Release|Any CPU.Build.0 = Release|Any CPU
		{6A108D38-966D-4090-A4CB-06B35BAC57CE}.Debug|Any CPU.ActiveCfg = Debug|Any CPU
		{6A108D38-966D-4090-A4CB-06B35BAC57CE}.Debug|Any CPU.Build.0 = Debug|Any CPU
		{6A108D38-966D-4090-A4CB-06B35BAC57CE}.Release|Any CPU.ActiveCfg = Release|Any CPU
		{6A108D38-966D-4090-A4CB-06B35BAC57CE}.Release|Any CPU.Build.0 = Release|Any CPU
		{4B7F3108-06A9-4F8E-92AB-02347C6663A6}.Debug|Any CPU.ActiveCfg = Debug|Any CPU
		{4B7F3108-06A9-4F8E-92AB-02347C6663A6}.Debug|Any CPU.Build.0 = Debug|Any CPU
		{4B7F3108-06A9-4F8E-92AB-02347C6663A6}.Release|Any CPU.ActiveCfg = Release|Any CPU
		{4B7F3108-06A9-4F8E-92AB-02347C6663A6}.Release|Any CPU.Build.0 = Release|Any CPU
		{370BC426-0804-4609-A5DF-A0B4F8C4D282}.Debug|Any CPU.ActiveCfg = Debug|Any CPU
		{370BC426-0804-4609-A5DF-A0B4F8C4D282}.Debug|Any CPU.Build.0 = Debug|Any CPU
		{370BC426-0804-4609-A5DF-A0B4F8C4D282}.Release|Any CPU.ActiveCfg = Release|Any CPU
		{370BC426-0804-4609-A5DF-A0B4F8C4D282}.Release|Any CPU.Build.0 = Release|Any CPU
		{BEF0746B-CF81-4296-9108-AC3F81D55360}.Debug|Any CPU.ActiveCfg = Debug|Any CPU
		{BEF0746B-CF81-4296-9108-AC3F81D55360}.Debug|Any CPU.Build.0 = Debug|Any CPU
		{BEF0746B-CF81-4296-9108-AC3F81D55360}.Release|Any CPU.ActiveCfg = Release|Any CPU
		{BEF0746B-CF81-4296-9108-AC3F81D55360}.Release|Any CPU.Build.0 = Release|Any CPU
		{876AA4B5-E5E8-432A-9DA6-0B16B6AEE75D}.Debug|Any CPU.ActiveCfg = Debug|Any CPU
		{876AA4B5-E5E8-432A-9DA6-0B16B6AEE75D}.Debug|Any CPU.Build.0 = Debug|Any CPU
		{876AA4B5-E5E8-432A-9DA6-0B16B6AEE75D}.Release|Any CPU.ActiveCfg = Release|Any CPU
		{876AA4B5-E5E8-432A-9DA6-0B16B6AEE75D}.Release|Any CPU.Build.0 = Release|Any CPU
		{D341CD92-2188-4371-855F-A1A180EC6C8E}.Debug|Any CPU.ActiveCfg = Debug|Any CPU
		{D341CD92-2188-4371-855F-A1A180EC6C8E}.Debug|Any CPU.Build.0 = Debug|Any CPU
		{D341CD92-2188-4371-855F-A1A180EC6C8E}.Release|Any CPU.ActiveCfg = Release|Any CPU
		{D341CD92-2188-4371-855F-A1A180EC6C8E}.Release|Any CPU.Build.0 = Release|Any CPU
		{704C7407-A1D5-4145-8CFA-A9452B57C4C8}.Debug|Any CPU.ActiveCfg = Debug|Any CPU
		{704C7407-A1D5-4145-8CFA-A9452B57C4C8}.Debug|Any CPU.Build.0 = Debug|Any CPU
		{704C7407-A1D5-4145-8CFA-A9452B57C4C8}.Release|Any CPU.ActiveCfg = Release|Any CPU
		{704C7407-A1D5-4145-8CFA-A9452B57C4C8}.Release|Any CPU.Build.0 = Release|Any CPU
		{46CEA6C2-1B17-451C-A501-2EDE4E968DE4}.Debug|Any CPU.ActiveCfg = Debug|Any CPU
		{46CEA6C2-1B17-451C-A501-2EDE4E968DE4}.Debug|Any CPU.Build.0 = Debug|Any CPU
		{46CEA6C2-1B17-451C-A501-2EDE4E968DE4}.Release|Any CPU.ActiveCfg = Release|Any CPU
		{46CEA6C2-1B17-451C-A501-2EDE4E968DE4}.Release|Any CPU.Build.0 = Release|Any CPU
		{7EBE01A3-E09D-41A2-BB5A-D6BC3280390A}.Debug|Any CPU.ActiveCfg = Debug|Any CPU
		{7EBE01A3-E09D-41A2-BB5A-D6BC3280390A}.Debug|Any CPU.Build.0 = Debug|Any CPU
		{7EBE01A3-E09D-41A2-BB5A-D6BC3280390A}.Release|Any CPU.ActiveCfg = Release|Any CPU
		{7EBE01A3-E09D-41A2-BB5A-D6BC3280390A}.Release|Any CPU.Build.0 = Release|Any CPU
		{723D2C5C-8422-43C5-9D1D-3A6C0FE45D69}.Debug|Any CPU.ActiveCfg = Debug|Any CPU
		{723D2C5C-8422-43C5-9D1D-3A6C0FE45D69}.Debug|Any CPU.Build.0 = Debug|Any CPU
		{723D2C5C-8422-43C5-9D1D-3A6C0FE45D69}.Release|Any CPU.ActiveCfg = Release|Any CPU
		{723D2C5C-8422-43C5-9D1D-3A6C0FE45D69}.Release|Any CPU.Build.0 = Release|Any CPU
		{C983770F-2E95-4070-962D-F10E0B2538A9}.Debug|Any CPU.ActiveCfg = Debug|Any CPU
		{C983770F-2E95-4070-962D-F10E0B2538A9}.Debug|Any CPU.Build.0 = Debug|Any CPU
		{C983770F-2E95-4070-962D-F10E0B2538A9}.Release|Any CPU.ActiveCfg = Release|Any CPU
		{C983770F-2E95-4070-962D-F10E0B2538A9}.Release|Any CPU.Build.0 = Release|Any CPU
		{913569A3-ADA6-4864-83C0-E7F5E6957F28}.Debug|Any CPU.ActiveCfg = Debug|Any CPU
		{913569A3-ADA6-4864-83C0-E7F5E6957F28}.Debug|Any CPU.Build.0 = Debug|Any CPU
		{913569A3-ADA6-4864-83C0-E7F5E6957F28}.Release|Any CPU.ActiveCfg = Release|Any CPU
		{913569A3-ADA6-4864-83C0-E7F5E6957F28}.Release|Any CPU.Build.0 = Release|Any CPU
		{FA6C32CF-0BF4-43F2-A4A4-82AED98C0F49}.Debug|Any CPU.ActiveCfg = Debug|Any CPU
		{FA6C32CF-0BF4-43F2-A4A4-82AED98C0F49}.Debug|Any CPU.Build.0 = Debug|Any CPU
		{FA6C32CF-0BF4-43F2-A4A4-82AED98C0F49}.Release|Any CPU.ActiveCfg = Release|Any CPU
		{FA6C32CF-0BF4-43F2-A4A4-82AED98C0F49}.Release|Any CPU.Build.0 = Release|Any CPU
		{419A1D2C-6451-4D13-9C6F-77D9396E7AB7}.Debug|Any CPU.ActiveCfg = Debug|Any CPU
		{419A1D2C-6451-4D13-9C6F-77D9396E7AB7}.Debug|Any CPU.Build.0 = Debug|Any CPU
		{419A1D2C-6451-4D13-9C6F-77D9396E7AB7}.Release|Any CPU.ActiveCfg = Release|Any CPU
		{419A1D2C-6451-4D13-9C6F-77D9396E7AB7}.Release|Any CPU.Build.0 = Release|Any CPU
		{ED5BA974-DC38-4A86-A3E1-5C8CC5A8FA13}.Debug|Any CPU.ActiveCfg = Debug|Any CPU
		{ED5BA974-DC38-4A86-A3E1-5C8CC5A8FA13}.Debug|Any CPU.Build.0 = Debug|Any CPU
		{ED5BA974-DC38-4A86-A3E1-5C8CC5A8FA13}.Release|Any CPU.ActiveCfg = Release|Any CPU
		{ED5BA974-DC38-4A86-A3E1-5C8CC5A8FA13}.Release|Any CPU.Build.0 = Release|Any CPU
		{F85DF161-A449-4583-BADD-756B15601483}.Debug|Any CPU.ActiveCfg = Debug|Any CPU
		{F85DF161-A449-4583-BADD-756B15601483}.Debug|Any CPU.Build.0 = Debug|Any CPU
		{F85DF161-A449-4583-BADD-756B15601483}.Release|Any CPU.ActiveCfg = Release|Any CPU
		{F85DF161-A449-4583-BADD-756B15601483}.Release|Any CPU.Build.0 = Release|Any CPU
		{EABEF4F3-A0C0-472B-B0CB-DC315BC744E1}.Debug|Any CPU.ActiveCfg = Debug|Any CPU
		{EABEF4F3-A0C0-472B-B0CB-DC315BC744E1}.Debug|Any CPU.Build.0 = Debug|Any CPU
		{EABEF4F3-A0C0-472B-B0CB-DC315BC744E1}.Release|Any CPU.ActiveCfg = Release|Any CPU
		{EABEF4F3-A0C0-472B-B0CB-DC315BC744E1}.Release|Any CPU.Build.0 = Release|Any CPU
		{1D8FC96E-4B14-443B-8C91-4CDF72523878}.Debug|Any CPU.ActiveCfg = Debug|Any CPU
		{1D8FC96E-4B14-443B-8C91-4CDF72523878}.Debug|Any CPU.Build.0 = Debug|Any CPU
		{1D8FC96E-4B14-443B-8C91-4CDF72523878}.Release|Any CPU.ActiveCfg = Release|Any CPU
		{1D8FC96E-4B14-443B-8C91-4CDF72523878}.Release|Any CPU.Build.0 = Release|Any CPU
		{99F38341-753B-413C-A7B9-15BB732D3B16}.Debug|Any CPU.ActiveCfg = Debug|Any CPU
		{99F38341-753B-413C-A7B9-15BB732D3B16}.Debug|Any CPU.Build.0 = Debug|Any CPU
		{99F38341-753B-413C-A7B9-15BB732D3B16}.Release|Any CPU.ActiveCfg = Release|Any CPU
		{99F38341-753B-413C-A7B9-15BB732D3B16}.Release|Any CPU.Build.0 = Release|Any CPU
		{96C30AF4-C5B9-41F7-BF40-9A261ABCF7EA}.Debug|Any CPU.ActiveCfg = Debug|Any CPU
		{96C30AF4-C5B9-41F7-BF40-9A261ABCF7EA}.Debug|Any CPU.Build.0 = Debug|Any CPU
		{96C30AF4-C5B9-41F7-BF40-9A261ABCF7EA}.Release|Any CPU.ActiveCfg = Release|Any CPU
		{96C30AF4-C5B9-41F7-BF40-9A261ABCF7EA}.Release|Any CPU.Build.0 = Release|Any CPU
	EndGlobalSection
	GlobalSection(SolutionProperties) = preSolution
		HideSolutionNode = FALSE
	EndGlobalSection
	GlobalSection(NestedProjects) = preSolution
		{008CF3DE-352E-46BC-B2DD-F5F1232CB7D8} = {93060A2E-7F93-4205-9229-937C537D6BA7}
		{56E239CC-A90D-4989-A5FF-7A9597435451} = {93060A2E-7F93-4205-9229-937C537D6BA7}
		{274F3428-BC62-405B-A8E8-FB5820F82599} = {93060A2E-7F93-4205-9229-937C537D6BA7}
		{2B972E78-97EA-4550-8C3A-CCA2A352ED84} = {93060A2E-7F93-4205-9229-937C537D6BA7}
		{B7BE7EFD-4CC4-426B-AEA8-2909DEFC3699} = {93060A2E-7F93-4205-9229-937C537D6BA7}
		{3762BDAC-6391-4724-BD49-A51C5FB3DCE7} = {93060A2E-7F93-4205-9229-937C537D6BA7}
		{6A108D38-966D-4090-A4CB-06B35BAC57CE} = {93060A2E-7F93-4205-9229-937C537D6BA7}
		{4B7F3108-06A9-4F8E-92AB-02347C6663A6} = {93060A2E-7F93-4205-9229-937C537D6BA7}
		{370BC426-0804-4609-A5DF-A0B4F8C4D282} = {93060A2E-7F93-4205-9229-937C537D6BA7}
		{BEF0746B-CF81-4296-9108-AC3F81D55360} = {93060A2E-7F93-4205-9229-937C537D6BA7}
		{876AA4B5-E5E8-432A-9DA6-0B16B6AEE75D} = {93060A2E-7F93-4205-9229-937C537D6BA7}
		{D341CD92-2188-4371-855F-A1A180EC6C8E} = {93060A2E-7F93-4205-9229-937C537D6BA7}
		{704C7407-A1D5-4145-8CFA-A9452B57C4C8} = {93060A2E-7F93-4205-9229-937C537D6BA7}
		{46CEA6C2-1B17-451C-A501-2EDE4E968DE4} = {93060A2E-7F93-4205-9229-937C537D6BA7}
		{7EBE01A3-E09D-41A2-BB5A-D6BC3280390A} = {93060A2E-7F93-4205-9229-937C537D6BA7}
		{723D2C5C-8422-43C5-9D1D-3A6C0FE45D69} = {93060A2E-7F93-4205-9229-937C537D6BA7}
		{C983770F-2E95-4070-962D-F10E0B2538A9} = {93060A2E-7F93-4205-9229-937C537D6BA7}
		{913569A3-ADA6-4864-83C0-E7F5E6957F28} = {93060A2E-7F93-4205-9229-937C537D6BA7}
		{FA6C32CF-0BF4-43F2-A4A4-82AED98C0F49} = {93060A2E-7F93-4205-9229-937C537D6BA7}
		{419A1D2C-6451-4D13-9C6F-77D9396E7AB7} = {93060A2E-7F93-4205-9229-937C537D6BA7}
		{ED5BA974-DC38-4A86-A3E1-5C8CC5A8FA13} = {93060A2E-7F93-4205-9229-937C537D6BA7}
		{F85DF161-A449-4583-BADD-756B15601483} = {613355D0-3AC0-4FA1-90A1-B1AAC4288227}
		{EABEF4F3-A0C0-472B-B0CB-DC315BC744E1} = {613355D0-3AC0-4FA1-90A1-B1AAC4288227}
		{1D8FC96E-4B14-443B-8C91-4CDF72523878} = {613355D0-3AC0-4FA1-90A1-B1AAC4288227}
		{99F38341-753B-413C-A7B9-15BB732D3B16} = {613355D0-3AC0-4FA1-90A1-B1AAC4288227}
		{96C30AF4-C5B9-41F7-BF40-9A261ABCF7EA} = {613355D0-3AC0-4FA1-90A1-B1AAC4288227}
	EndGlobalSection
	GlobalSection(ExtensibilityGlobals) = postSolution
		SolutionGuid = {1F2B484C-B267-42EE-81A9-5883DB9040DE}
	EndGlobalSection
EndGlobal
